
Microsoft Visual Studio Solution File, Format Version 12.00
# Visual Studio 15
VisualStudioVersion = 15.0.27130.2027
MinimumVisualStudioVersion = 10.0.40219.1
Project("{FAE04EC0-301F-11D3-BF4B-00C04F79EFBC}") = "RestTestWebApp", "RestTestWebApp\RestTestWebApp.csproj", "{937F5118-F3D1-42DA-80CB-48DC8A36373B}"
EndProject
Project("{E53339B2-1760-4266-BCC7-CA923CBCF16C}") = "docker-compose", "docker-compose.dcproj", "{672AEA9E-683E-448B-8F83-EC094C07B322}"
EndProject
Global
	GlobalSection(SolutionConfigurationPlatforms) = preSolution
		Debug|Any CPU = Debug|Any CPU
		Release|Any CPU = Release|Any CPU
	EndGlobalSection
	GlobalSection(ProjectConfigurationPlatforms) = postSolution
		{937F5118-F3D1-42DA-80CB-48DC8A36373B}.Debug|Any CPU.ActiveCfg = Debug|Any CPU
		{937F5118-F3D1-42DA-80CB-48DC8A36373B}.Debug|Any CPU.Build.0 = Debug|Any CPU
		{937F5118-F3D1-42DA-80CB-48DC8A36373B}.Release|Any CPU.ActiveCfg = Release|Any CPU
		{937F5118-F3D1-42DA-80CB-48DC8A36373B}.Release|Any CPU.Build.0 = Release|Any CPU
		{672AEA9E-683E-448B-8F83-EC094C07B322}.Debug|Any CPU.ActiveCfg = Debug|Any CPU
		{672AEA9E-683E-448B-8F83-EC094C07B322}.Debug|Any CPU.Build.0 = Debug|Any CPU
		{672AEA9E-683E-448B-8F83-EC094C07B322}.Release|Any CPU.ActiveCfg = Release|Any CPU
		{672AEA9E-683E-448B-8F83-EC094C07B322}.Release|Any CPU.Build.0 = Release|Any CPU
	EndGlobalSection
	GlobalSection(SolutionProperties) = preSolution
		HideSolutionNode = FALSE
	EndGlobalSection
	GlobalSection(ExtensibilityGlobals) = postSolution
		SolutionGuid = {EDE681E2-877B-4548-8969-DC45C224C577}
	EndGlobalSection
EndGlobal
